schema: '2.0'
stages:
  data_ingestion:
    cmd: python src/data_ingestion.py
    deps:
    - path: src/data_ingestion.py
      hash: md5
      md5: 8f4733f35b9e9d47cda3586eec3cc3cf
      size: 3546
    params:
      params.yaml:
        data_ingestion.test_size: 0.3
    outs:
    - path: data/raw
      hash: md5
      md5: 5cccfd730ea0204fe2a62d2eca3f77e4.dir
      size: 482013
      nfiles: 2
  data_preprocessing:
    cmd: python src/data_preprocessing.py
    deps:
    - path: data/raw
      hash: md5
      md5: 5cccfd730ea0204fe2a62d2eca3f77e4.dir
      size: 482013
      nfiles: 2
    - path: src/data_preprocessing.py
      hash: md5
      md5: 0cb040d41c2405657c0e947efca25bc0
      size: 3914
    outs:
    - path: data/interim
      hash: md5
      md5: 4f588fcd9772694f2332c8043832a2a3.dir
      size: 256502
      nfiles: 2
  feature_engineering:
    cmd: python src/feature_engineering.py
    deps:
    - path: data/interim
      hash: md5
      md5: 4f588fcd9772694f2332c8043832a2a3.dir
      size: 256502
      nfiles: 2
    - path: src/feature_engineering.py
      hash: md5
      md5: 638e66fd3ef63ca7361ca8efeca1c05c
      size: 3846
    params:
      params.yaml:
        feature_engineering.max_features: 60
    outs:
    - path: data/processed
      hash: md5
      md5: d95b10dd81def1ec7bc4895dcd53e4f1.dir
      size: 1411967
      nfiles: 2
  model_building:
    cmd: python src/model_building.py
    deps:
    - path: data/processed
      hash: md5
      md5: d95b10dd81def1ec7bc4895dcd53e4f1.dir
      size: 1411967
      nfiles: 2
    - path: src/model_building.py
      hash: md5
      md5: d8677d0b6c3fc7ecbb028c7c70d743c6
      size: 4365
    params:
      params.yaml:
        model_building.n_estimators: 35
        model_building.random_state: 2
    outs:
    - path: models/model.pkl
      hash: md5
      md5: 8cb2158407c22500c1f09a5a35020760
      size: 2023161
  model_evaluation:
    cmd: python src/model_evaluation.py
    deps:
    - path: models/model.pkl
      hash: md5
      md5: 8cb2158407c22500c1f09a5a35020760
      size: 2023161
    - path: src/model_evaluation.py
      hash: md5
      md5: a0177f66f54a890a32de38c6f85ddb8b
      size: 4563
    outs:
    - path: reports/metrics.json
      hash: md5
      md5: 1945ae568824268c3739f8fc6e4dd179
      size: 140
